
Microsoft Visual Studio Solution File, Format Version 12.00
# Visual Studio Version 17
VisualStudioVersion = 17.3.32929.385
MinimumVisualStudioVersion = 10.0.40219.1
Project("{FAE04EC0-301F-11D3-BF4B-00C04F79EFBC}") = "sistemabibliotecario", "sistemabibliotecario.csproj", "{DAB42B62-CE5C-43E1-9E49-DDDB102B32BE}"
EndProject
Global
	GlobalSection(SolutionConfigurationPlatforms) = preSolution
		Debug|Any CPU = Debug|Any CPU
		Release|Any CPU = Release|Any CPU
	EndGlobalSection
	GlobalSection(ProjectConfigurationPlatforms) = postSolution
		{DAB42B62-CE5C-43E1-9E49-DDDB102B32BE}.Debug|Any CPU.ActiveCfg = Debug|Any CPU
		{DAB42B62-CE5C-43E1-9E49-DDDB102B32BE}.Debug|Any CPU.Build.0 = Debug|Any CPU
		{DAB42B62-CE5C-43E1-9E49-DDDB102B32BE}.Release|Any CPU.ActiveCfg = Release|Any CPU
		{DAB42B62-CE5C-43E1-9E49-DDDB102B32BE}.Release|Any CPU.Build.0 = Release|Any CPU
	EndGlobalSection
	GlobalSection(SolutionProperties) = preSolution
		HideSolutionNode = FALSE
	EndGlobalSection
	GlobalSection(ExtensibilityGlobals) = postSolution
		SolutionGuid = {C4FF7C8C-965E-4EDC-B7DC-CF9C2A78CA43}
	EndGlobalSection
EndGlobal
