
Microsoft Visual Studio Solution File, Format Version 12.00
# Visual Studio Version 17
VisualStudioVersion = 17.3.32929.385
MinimumVisualStudioVersion = 10.0.40219.1
Project("{FAE04EC0-301F-11D3-BF4B-00C04F79EFBC}") = "ststemaalquilesdeautos", "ststemaalquilesdeautos.csproj", "{A3A547F8-385C-499E-9D52-EE0EDA64EE53}"
EndProject
Global
	GlobalSection(SolutionConfigurationPlatforms) = preSolution
		Debug|Any CPU = Debug|Any CPU
		Release|Any CPU = Release|Any CPU
	EndGlobalSection
	GlobalSection(ProjectConfigurationPlatforms) = postSolution
		{A3A547F8-385C-499E-9D52-EE0EDA64EE53}.Debug|Any CPU.ActiveCfg = Debug|Any CPU
		{A3A547F8-385C-499E-9D52-EE0EDA64EE53}.Debug|Any CPU.Build.0 = Debug|Any CPU
		{A3A547F8-385C-499E-9D52-EE0EDA64EE53}.Release|Any CPU.ActiveCfg = Release|Any CPU
		{A3A547F8-385C-499E-9D52-EE0EDA64EE53}.Release|Any CPU.Build.0 = Release|Any CPU
	EndGlobalSection
	GlobalSection(SolutionProperties) = preSolution
		HideSolutionNode = FALSE
	EndGlobalSection
	GlobalSection(ExtensibilityGlobals) = postSolution
		SolutionGuid = {6FFAB650-F66E-4CCF-803C-1545BF20D20B}
	EndGlobalSection
EndGlobal
